
Microsoft Visual Studio Solution File, Format Version 11.00
# Visual C# Express 2010
Project("{FAE04EC0-301F-11D3-BF4B-00C04F79EFBC}") = "BibleVerseLinkerEx", "BibleVerseLinkerEx\BibleVerseLinkerEx.csproj", "{5FC4C859-3DD1-429B-95A4-A831CBF51DF2}"
EndProject
Project("{FAE04EC0-301F-11D3-BF4B-00C04F79EFBC}") = "BibleCommon", "..\BibleCommon\BibleCommon\BibleCommon.csproj", "{D2E40D0E-9786-49E9-B2A7-54088B42EAC5}"
EndProject
Global
	GlobalSection(SolutionConfigurationPlatforms) = preSolution
		Debug|Any CPU = Debug|Any CPU
		Debug|Mixed Platforms = Debug|Mixed Platforms
		Debug|x86 = Debug|x86
		Release|Any CPU = Release|Any CPU
		Release|Mixed Platforms = Release|Mixed Platforms
		Release|x86 = Release|x86
	EndGlobalSection
	GlobalSection(ProjectConfigurationPlatforms) = postSolution
		{5FC4C859-3DD1-429B-95A4-A831CBF51DF2}.Debug|Any CPU.ActiveCfg = Debug|x86
		{5FC4C859-3DD1-429B-95A4-A831CBF51DF2}.Debug|Mixed Platforms.ActiveCfg = Debug|x86
		{5FC4C859-3DD1-429B-95A4-A831CBF51DF2}.Debug|Mixed Platforms.Build.0 = Debug|x86
		{5FC4C859-3DD1-429B-95A4-A831CBF51DF2}.Debug|x86.ActiveCfg = Debug|x86
		{5FC4C859-3DD1-429B-95A4-A831CBF51DF2}.Debug|x86.Build.0 = Debug|x86
		{5FC4C859-3DD1-429B-95A4-A831CBF51DF2}.Release|Any CPU.ActiveCfg = Release|x86
		{5FC4C859-3DD1-429B-95A4-A831CBF51DF2}.Release|Mixed Platforms.ActiveCfg = Release|x86
		{5FC4C859-3DD1-429B-95A4-A831CBF51DF2}.Release|Mixed Platforms.Build.0 = Release|x86
		{5FC4C859-3DD1-429B-95A4-A831CBF51DF2}.Release|x86.ActiveCfg = Release|x86
		{5FC4C859-3DD1-429B-95A4-A831CBF51DF2}.Release|x86.Build.0 = Release|x86
		{D2E40D0E-9786-49E9-B2A7-54088B42EAC5}.Debug|Any CPU.ActiveCfg = Debug|Any CPU
		{D2E40D0E-9786-49E9-B2A7-54088B42EAC5}.Debug|Any CPU.Build.0 = Debug|Any CPU
		{D2E40D0E-9786-49E9-B2A7-54088B42EAC5}.Debug|Mixed Platforms.ActiveCfg = Debug|Any CPU
		{D2E40D0E-9786-49E9-B2A7-54088B42EAC5}.Debug|Mixed Platforms.Build.0 = Debug|Any CPU
		{D2E40D0E-9786-49E9-B2A7-54088B42EAC5}.Debug|x86.ActiveCfg = Debug|Any CPU
		{D2E40D0E-9786-49E9-B2A7-54088B42EAC5}.Release|Any CPU.ActiveCfg = Release|Any CPU
		{D2E40D0E-9786-49E9-B2A7-54088B42EAC5}.Release|Any CPU.Build.0 = Release|Any CPU
		{D2E40D0E-9786-49E9-B2A7-54088B42EAC5}.Release|Mixed Platforms.ActiveCfg = Release|Any CPU
		{D2E40D0E-9786-49E9-B2A7-54088B42EAC5}.Release|Mixed Platforms.Build.0 = Release|Any CPU
		{D2E40D0E-9786-49E9-B2A7-54088B42EAC5}.Release|x86.ActiveCfg = Release|Any CPU
	EndGlobalSection
	GlobalSection(SolutionProperties) = preSolution
		HideSolutionNode = FALSE
	EndGlobalSection
EndGlobal
